
Microsoft Visual Studio Solution File, Format Version 12.00
# Visual Studio Version 17
VisualStudioVersion = 17.9.34607.119
MinimumVisualStudioVersion = 10.0.40219.1
Project("{FAE04EC0-301F-11D3-BF4B-00C04F79EFBC}") = "3DBitMap", "3DBitMap\3DBitMap.csproj", "{18750690-7A3B-4B14-BCDB-E017F935224E}"
EndProject
Global
	GlobalSection(SolutionConfigurationPlatforms) = preSolution
		Debug|Any CPU = Debug|Any CPU
		Release|Any CPU = Release|Any CPU
	EndGlobalSection
	GlobalSection(ProjectConfigurationPlatforms) = postSolution
		{18750690-7A3B-4B14-BCDB-E017F935224E}.Debug|Any CPU.ActiveCfg = Debug|Any CPU
		{18750690-7A3B-4B14-BCDB-E017F935224E}.Debug|Any CPU.Build.0 = Debug|Any CPU
		{18750690-7A3B-4B14-BCDB-E017F935224E}.Release|Any CPU.ActiveCfg = Release|Any CPU
		{18750690-7A3B-4B14-BCDB-E017F935224E}.Release|Any CPU.Build.0 = Release|Any CPU
	EndGlobalSection
	GlobalSection(SolutionProperties) = preSolution
		HideSolutionNode = FALSE
	EndGlobalSection
	GlobalSection(ExtensibilityGlobals) = postSolution
		SolutionGuid = {77913C72-35F9-4E3C-94DA-262912C2A409}
	EndGlobalSection
EndGlobal
